
Microsoft Visual Studio Solution File, Format Version 12.00
# Visual Studio 2015
Project("{FAE04EC0-301F-11D3-BF4B-00C04F79EFBC}") = "GlobalGameJam2017", "GlobalGameJam2017.csproj", "{CAB53E26-7D0C-D42F-482F-5511BE757D7F}"
EndProject
Project("{FAE04EC0-301F-11D3-BF4B-00C04F79EFBC}") = "GlobalGameJam2017.Editor", "GlobalGameJam2017.Editor.csproj", "{7716265D-556D-99F4-DF5D-D47167CBAC22}"
EndProject
Global
	GlobalSection(SolutionConfigurationPlatforms) = preSolution
		Debug|Any CPU = Debug|Any CPU
		Release|Any CPU = Release|Any CPU
	EndGlobalSection
	GlobalSection(ProjectConfigurationPlatforms) = postSolution
		{CAB53E26-7D0C-D42F-482F-5511BE757D7F}.Debug|Any CPU.ActiveCfg = Debug|Any CPU
		{CAB53E26-7D0C-D42F-482F-5511BE757D7F}.Debug|Any CPU.Build.0 = Debug|Any CPU
		{CAB53E26-7D0C-D42F-482F-5511BE757D7F}.Release|Any CPU.ActiveCfg = Release|Any CPU
		{CAB53E26-7D0C-D42F-482F-5511BE757D7F}.Release|Any CPU.Build.0 = Release|Any CPU
		{7716265D-556D-99F4-DF5D-D47167CBAC22}.Debug|Any CPU.ActiveCfg = Debug|Any CPU
		{7716265D-556D-99F4-DF5D-D47167CBAC22}.Debug|Any CPU.Build.0 = Debug|Any CPU
		{7716265D-556D-99F4-DF5D-D47167CBAC22}.Release|Any CPU.ActiveCfg = Release|Any CPU
		{7716265D-556D-99F4-DF5D-D47167CBAC22}.Release|Any CPU.Build.0 = Release|Any CPU
	EndGlobalSection
	GlobalSection(SolutionProperties) = preSolution
		HideSolutionNode = FALSE
	EndGlobalSection
EndGlobal
