Microsoft Visual Studio Solution File, Format Version 11.00
# Visual Studio 2008

Project("{D04C8C6D-431A-A449-041D-14D2E4B9CF1D}") = "GlobalGameJam2017", "Assembly-CSharp.csproj", "{9902067C-E7E7-D79A-19C0-A8097BB5656E}"
EndProject
Project("{D04C8C6D-431A-A449-041D-14D2E4B9CF1D}") = "GlobalGameJam2017", "Assembly-CSharp-Editor.csproj", "{DB4EE103-49B8-0ACF-CE86-7CD82F45847B}"
EndProject
Global
	GlobalSection(SolutionConfigurationPlatforms) = preSolution
		Debug|Any CPU = Debug|Any CPU
		Release|Any CPU = Release|Any CPU
	EndGlobalSection
	GlobalSection(ProjectConfigurationPlatforms) = postSolution
		{9902067C-E7E7-D79A-19C0-A8097BB5656E}.Debug|Any CPU.ActiveCfg = Debug|Any CPU
		{9902067C-E7E7-D79A-19C0-A8097BB5656E}.Debug|Any CPU.Build.0 = Debug|Any CPU
		{9902067C-E7E7-D79A-19C0-A8097BB5656E}.Release|Any CPU.ActiveCfg = Release|Any CPU
		{9902067C-E7E7-D79A-19C0-A8097BB5656E}.Release|Any CPU.Build.0 = Release|Any CPU
		{DB4EE103-49B8-0ACF-CE86-7CD82F45847B}.Debug|Any CPU.ActiveCfg = Debug|Any CPU
		{DB4EE103-49B8-0ACF-CE86-7CD82F45847B}.Debug|Any CPU.Build.0 = Debug|Any CPU
		{DB4EE103-49B8-0ACF-CE86-7CD82F45847B}.Release|Any CPU.ActiveCfg = Release|Any CPU
		{DB4EE103-49B8-0ACF-CE86-7CD82F45847B}.Release|Any CPU.Build.0 = Release|Any CPU
	EndGlobalSection
	GlobalSection(SolutionProperties) = preSolution
		HideSolutionNode = FALSE
	EndGlobalSection
	GlobalSection(MonoDevelopProperties) = preSolution
		StartupItem = Assembly-CSharp.csproj
	EndGlobalSection
EndGlobal
